// !$*UTF8*$!
{
	archiveVersion = 1;
	classes = {
	};
	objectVersion = 48;
	objects = {

/* Begin PBXBuildFile section */
		4F8B89FF209D86120071DF02 /* UserProtocol.swift in Sources */ = {isa = PBXBuildFile; fileRef = 4F8B89FE209D86120071DF02 /* UserProtocol.swift */; };
		4F8B8A01209D86360071DF02 /* DataBaseConnectionProtocol.swift in Sources */ = {isa = PBXBuildFile; fileRef = 4F8B8A00209D86360071DF02 /* DataBaseConnectionProtocol.swift */; };
		4F8B8A03209D87FC0071DF02 /* OraceDataBase.swift in Sources */ = {isa = PBXBuildFile; fileRef = 4F8B8A02209D87FC0071DF02 /* OraceDataBase.swift */; };
		4F8B8A05209D8EDD0071DF02 /* UIGestureRecognizer+Block.swift in Sources */ = {isa = PBXBuildFile; fileRef = 4F8B8A04209D8EDD0071DF02 /* UIGestureRecognizer+Block.swift */; };
		4F8B8A07209D945D0071DF02 /* BlockLoopOperation.swift in Sources */ = {isa = PBXBuildFile; fileRef = 4F8B8A06209D945D0071DF02 /* BlockLoopOperation.swift */; };
		4F8E044A209F6A0100710886 /* ExitAbleThreadPort.swift in Sources */ = {isa = PBXBuildFile; fileRef = 4F8E0449209F6A0100710886 /* ExitAbleThreadPort.swift */; };
		4F965357209C09460028AC00 /* AppDelegate.swift in Sources */ = {isa = PBXBuildFile; fileRef = 4F965356209C09460028AC00 /* AppDelegate.swift */; };
		4F96535E209C09460028AC00 /* Assets.xcassets in Resources */ = {isa = PBXBuildFile; fileRef = 4F96535D209C09460028AC00 /* Assets.xcassets */; };
		4F965361209C09460028AC00 /* LaunchScreen.storyboard in Resources */ = {isa = PBXBuildFile; fileRef = 4F96535F209C09460028AC00 /* LaunchScreen.storyboard */; };
		4F965375209C14550028AC00 /* MainTabBarController.swift in Sources */ = {isa = PBXBuildFile; fileRef = 4F965374209C14550028AC00 /* MainTabBarController.swift */; };
		4F96537F209C1B010028AC00 /* BaseStaticTableViewController.swift in Sources */ = {isa = PBXBuildFile; fileRef = 4F96537E209C1B010028AC00 /* BaseStaticTableViewController.swift */; };
		4F965381209C1C0B0028AC00 /* BaseStaticTableViewCell.swift in Sources */ = {isa = PBXBuildFile; fileRef = 4F965380209C1C0B0028AC00 /* BaseStaticTableViewCell.swift */; };
		4F965383209C1CEF0028AC00 /* BaseWordItem.swift in Sources */ = {isa = PBXBuildFile; fileRef = 4F965382209C1CEF0028AC00 /* BaseWordItem.swift */; };
		4F965385209C1D0A0028AC00 /* BaseWordArrowItem.swift in Sources */ = {isa = PBXBuildFile; fileRef = 4F965384209C1D0A0028AC00 /* BaseWordArrowItem.swift */; };
		4F965387209C1D270028AC00 /* BaseItemSection.swift in Sources */ = {isa = PBXBuildFile; fileRef = 4F965386209C1D270028AC00 /* BaseItemSection.swift */; };
		4F965389209C22140028AC00 /* Utils.swift in Sources */ = {isa = PBXBuildFile; fileRef = 4F965388209C22140028AC00 /* Utils.swift */; };
		4F96538B209C39A00028AC00 /* EssenceTableViewController.swift in Sources */ = {isa = PBXBuildFile; fileRef = 4F96538A209C39A00028AC00 /* EssenceTableViewController.swift */; };
		4F96538D209C3D3F0028AC00 /* LifeCycleTableViewController.swift in Sources */ = {isa = PBXBuildFile; fileRef = 4F96538C209C3D3F0028AC00 /* LifeCycleTableViewController.swift */; };
		4F96538F209C3D970028AC00 /* RunTimeTableViewController.swift in Sources */ = {isa = PBXBuildFile; fileRef = 4F96538E209C3D970028AC00 /* RunTimeTableViewController.swift */; };
		4F965391209C45A90028AC00 /* ProtocolTableViewController.swift in Sources */ = {isa = PBXBuildFile; fileRef = 4F965390209C45A90028AC00 /* ProtocolTableViewController.swift */; };
		4F965393209C45B50028AC00 /* BlockLoopTableViewController.swift in Sources */ = {isa = PBXBuildFile; fileRef = 4F965392209C45B50028AC00 /* BlockLoopTableViewController.swift */; };
		4F965395209C45C30028AC00 /* ChildBlockTableViewController.swift in Sources */ = {isa = PBXBuildFile; fileRef = 4F965394209C45C30028AC00 /* ChildBlockTableViewController.swift */; };
		4F965397209C45D90028AC00 /* ModalBlockTableViewController.swift in Sources */ = {isa = PBXBuildFile; fileRef = 4F965396209C45D90028AC00 /* ModalBlockTableViewController.swift */; };
		4F965399209C45E40028AC00 /* NSThreadTableViewController.swift in Sources */ = {isa = PBXBuildFile; fileRef = 4F965398209C45E40028AC00 /* NSThreadTableViewController.swift */; };
		4F96539B209C45ED0028AC00 /* GCDTableViewController.swift in Sources */ = {isa = PBXBuildFile; fileRef = 4F96539A209C45ED0028AC00 /* GCDTableViewController.swift */; };
		4F96539D209C45F70028AC00 /* NSOperationTableViewController.swift in Sources */ = {isa = PBXBuildFile; fileRef = 4F96539C209C45F70028AC00 /* NSOperationTableViewController.swift */; };
		4F96539F209C45FF0028AC00 /* RunLoopTableViewController.swift in Sources */ = {isa = PBXBuildFile; fileRef = 4F96539E209C45FF0028AC00 /* RunLoopTableViewController.swift */; };
		4F9653A1209C46060028AC00 /* LockTableViewController.swift in Sources */ = {isa = PBXBuildFile; fileRef = 4F9653A0209C46060028AC00 /* LockTableViewController.swift */; };
		4F9653A3209C73A20028AC00 /* RunTimeTest.swift in Sources */ = {isa = PBXBuildFile; fileRef = 4F9653A2209C73A20028AC00 /* RunTimeTest.swift */; };
		4F9653A6209C75FB0028AC00 /* UIButton+BaseBlock.swift in Sources */ = {isa = PBXBuildFile; fileRef = 4F9653A5209C75FB0028AC00 /* UIButton+BaseBlock.swift */; };
		4F9653A8209C7D9E0028AC00 /* UIViewController+alert.swift in Sources */ = {isa = PBXBuildFile; fileRef = 4F9653A7209C7D9E0028AC00 /* UIViewController+alert.swift */; };
		4F9653AB209C80950028AC00 /* Logger.swift in Sources */ = {isa = PBXBuildFile; fileRef = 4F9653AA209C80950028AC00 /* Logger.swift */; };
		4F9653AD209CC2240028AC00 /* BaseClosureWrapper.swift in Sources */ = {isa = PBXBuildFile; fileRef = 4F9653AC209CC2240028AC00 /* BaseClosureWrapper.swift */; };
		F3A27193F15C6877A0E1406F /* Pods_iOSProject.framework in Frameworks */ = {isa = PBXBuildFile; fileRef = FBC3AFD38B5E75C8E6F21A52 /* Pods_iOSProject.framework */; };
/* End PBXBuildFile section */

/* Begin PBXFileReference section */
		4F8B89FE209D86120071DF02 /* UserProtocol.swift */ = {isa = PBXFileReference; lastKnownFileType = sourcecode.swift; path = UserProtocol.swift; sourceTree = "<group>"; };
		4F8B8A00209D86360071DF02 /* DataBaseConnectionProtocol.swift */ = {isa = PBXFileReference; lastKnownFileType = sourcecode.swift; path = DataBaseConnectionProtocol.swift; sourceTree = "<group>"; };
		4F8B8A02209D87FC0071DF02 /* OraceDataBase.swift */ = {isa = PBXFileReference; lastKnownFileType = sourcecode.swift; path = OraceDataBase.swift; sourceTree = "<group>"; };
		4F8B8A04209D8EDD0071DF02 /* UIGestureRecognizer+Block.swift */ = {isa = PBXFileReference; lastKnownFileType = sourcecode.swift; path = "UIGestureRecognizer+Block.swift"; sourceTree = "<group>"; };
		4F8B8A06209D945D0071DF02 /* BlockLoopOperation.swift */ = {isa = PBXFileReference; lastKnownFileType = sourcecode.swift; path = BlockLoopOperation.swift; sourceTree = "<group>"; };
		4F8E0449209F6A0100710886 /* ExitAbleThreadPort.swift */ = {isa = PBXFileReference; lastKnownFileType = sourcecode.swift; path = ExitAbleThreadPort.swift; sourceTree = "<group>"; };
		4F965353209C09460028AC00 /* iOSProject.app */ = {isa = PBXFileReference; explicitFileType = wrapper.application; includeInIndex = 0; path = iOSProject.app; sourceTree = BUILT_PRODUCTS_DIR; };
		4F965356209C09460028AC00 /* AppDelegate.swift */ = {isa = PBXFileReference; lastKnownFileType = sourcecode.swift; path = AppDelegate.swift; sourceTree = "<group>"; };
		4F96535D209C09460028AC00 /* Assets.xcassets */ = {isa = PBXFileReference; lastKnownFileType = folder.assetcatalog; path = Assets.xcassets; sourceTree = "<group>"; };
		4F965360209C09460028AC00 /* Base */ = {isa = PBXFileReference; lastKnownFileType = file.storyboard; name = Base; path = Base.lproj/LaunchScreen.storyboard; sourceTree = "<group>"; };
		4F965362209C09460028AC00 /* Info.plist */ = {isa = PBXFileReference; lastKnownFileType = text.plist.xml; path = Info.plist; sourceTree = "<group>"; };
		4F965374209C14550028AC00 /* MainTabBarController.swift */ = {isa = PBXFileReference; lastKnownFileType = sourcecode.swift; path = MainTabBarController.swift; sourceTree = "<group>"; };
		4F96537E209C1B010028AC00 /* BaseStaticTableViewController.swift */ = {isa = PBXFileReference; lastKnownFileType = sourcecode.swift; path = BaseStaticTableViewController.swift; sourceTree = "<group>"; };
		4F965380209C1C0B0028AC00 /* BaseStaticTableViewCell.swift */ = {isa = PBXFileReference; lastKnownFileType = sourcecode.swift; path = BaseStaticTableViewCell.swift; sourceTree = "<group>"; };
		4F965382209C1CEF0028AC00 /* BaseWordItem.swift */ = {isa = PBXFileReference; lastKnownFileType = sourcecode.swift; path = BaseWordItem.swift; sourceTree = "<group>"; };
		4F965384209C1D0A0028AC00 /* BaseWordArrowItem.swift */ = {isa = PBXFileReference; lastKnownFileType = sourcecode.swift; path = BaseWordArrowItem.swift; sourceTree = "<group>"; };
		4F965386209C1D270028AC00 /* BaseItemSection.swift */ = {isa = PBXFileReference; lastKnownFileType = sourcecode.swift; path = BaseItemSection.swift; sourceTree = "<group>"; };
		4F965388209C22140028AC00 /* Utils.swift */ = {isa = PBXFileReference; lastKnownFileType = sourcecode.swift; path = Utils.swift; sourceTree = "<group>"; };
		4F96538A209C39A00028AC00 /* EssenceTableViewController.swift */ = {isa = PBXFileReference; lastKnownFileType = sourcecode.swift; path = EssenceTableViewController.swift; sourceTree = "<group>"; };
		4F96538C209C3D3F0028AC00 /* LifeCycleTableViewController.swift */ = {isa = PBXFileReference; lastKnownFileType = sourcecode.swift; path = LifeCycleTableViewController.swift; sourceTree = "<group>"; };
		4F96538E209C3D970028AC00 /* RunTimeTableViewController.swift */ = {isa = PBXFileReference; lastKnownFileType = sourcecode.swift; path = RunTimeTableViewController.swift; sourceTree = "<group>"; };
		4F965390209C45A90028AC00 /* ProtocolTableViewController.swift */ = {isa = PBXFileReference; lastKnownFileType = sourcecode.swift; path = ProtocolTableViewController.swift; sourceTree = "<group>"; };
		4F965392209C45B50028AC00 /* BlockLoopTableViewController.swift */ = {isa = PBXFileReference; lastKnownFileType = sourcecode.swift; path = BlockLoopTableViewController.swift; sourceTree = "<group>"; };
		4F965394209C45C30028AC00 /* ChildBlockTableViewController.swift */ = {isa = PBXFileReference; lastKnownFileType = sourcecode.swift; path = ChildBlockTableViewController.swift; sourceTree = "<group>"; };
		4F965396209C45D90028AC00 /* ModalBlockTableViewController.swift */ = {isa = PBXFileReference; lastKnownFileType = sourcecode.swift; path = ModalBlockTableViewController.swift; sourceTree = "<group>"; };
		4F965398209C45E40028AC00 /* NSThreadTableViewController.swift */ = {isa = PBXFileReference; lastKnownFileType = sourcecode.swift; path = NSThreadTableViewController.swift; sourceTree = "<group>"; };
		4F96539A209C45ED0028AC00 /* GCDTableViewController.swift */ = {isa = PBXFileReference; lastKnownFileType = sourcecode.swift; path = GCDTableViewController.swift; sourceTree = "<group>"; };
		4F96539C209C45F70028AC00 /* NSOperationTableViewController.swift */ = {isa = PBXFileReference; lastKnownFileType = sourcecode.swift; path = NSOperationTableViewController.swift; sourceTree = "<group>"; };
		4F96539E209C45FF0028AC00 /* RunLoopTableViewController.swift */ = {isa = PBXFileReference; lastKnownFileType = sourcecode.swift; path = RunLoopTableViewController.swift; sourceTree = "<group>"; };
		4F9653A0209C46060028AC00 /* LockTableViewController.swift */ = {isa = PBXFileReference; lastKnownFileType = sourcecode.swift; path = LockTableViewController.swift; sourceTree = "<group>"; };
		4F9653A2209C73A20028AC00 /* RunTimeTest.swift */ = {isa = PBXFileReference; lastKnownFileType = sourcecode.swift; path = RunTimeTest.swift; sourceTree = "<group>"; };
		4F9653A5209C75FB0028AC00 /* UIButton+BaseBlock.swift */ = {isa = PBXFileReference; lastKnownFileType = sourcecode.swift; path = "UIButton+BaseBlock.swift"; sourceTree = "<group>"; };
		4F9653A7209C7D9E0028AC00 /* UIViewController+alert.swift */ = {isa = PBXFileReference; lastKnownFileType = sourcecode.swift; path = "UIViewController+alert.swift"; sourceTree = "<group>"; };
		4F9653AA209C80950028AC00 /* Logger.swift */ = {isa = PBXFileReference; fileEncoding = 4; lastKnownFileType = sourcecode.swift; path = Logger.swift; sourceTree = "<group>"; };
		4F9653AC209CC2240028AC00 /* BaseClosureWrapper.swift */ = {isa = PBXFileReference; lastKnownFileType = sourcecode.swift; path = BaseClosureWrapper.swift; sourceTree = "<group>"; };
		707B1B9A9DC5F83F06521B5B /* Pods-iOSProject.release.xcconfig */ = {isa = PBXFileReference; includeInIndex = 1; lastKnownFileType = text.xcconfig; name = "Pods-iOSProject.release.xcconfig"; path = "Pods/Target Support Files/Pods-iOSProject/Pods-iOSProject.release.xcconfig"; sourceTree = "<group>"; };
		BF804E1049CBD758AD0E9DEC /* Pods-iOSProject.debug.xcconfig */ = {isa = PBXFileReference; includeInIndex = 1; lastKnownFileType = text.xcconfig; name = "Pods-iOSProject.debug.xcconfig"; path = "Pods/Target Support Files/Pods-iOSProject/Pods-iOSProject.debug.xcconfig"; sourceTree = "<group>"; };
		FBC3AFD38B5E75C8E6F21A52 /* Pods_iOSProject.framework */ = {isa = PBXFileReference; explicitFileType = wrapper.framework; includeInIndex = 0; path = Pods_iOSProject.framework; sourceTree = BUILT_PRODUCTS_DIR; };
/* End PBXFileReference section */

/* Begin PBXFrameworksBuildPhase section */
		4F965350209C09460028AC00 /* Frameworks */ = {
			isa = PBXFrameworksBuildPhase;
			buildActionMask = 2147483647;
			files = (
				F3A27193F15C6877A0E1406F /* Pods_iOSProject.framework in Frameworks */,
			);
			runOnlyForDeploymentPostprocessing = 0;
		};
/* End PBXFrameworksBuildPhase section */

/* Begin PBXGroup section */
		4F96534A209C09460028AC00 = {
			isa = PBXGroup;
			children = (
				4F965355209C09460028AC00 /* iOSProject */,
				4F965354209C09460028AC00 /* Products */,
				998F4090925E997563CA682C /* Pods */,
				C25474EE79A096C1FE4EFD51 /* Frameworks */,
			);
			sourceTree = "<group>";
		};
		4F965354209C09460028AC00 /* Products */ = {
			isa = PBXGroup;
			children = (
				4F965353209C09460028AC00 /* iOSProject.app */,
			);
			name = Products;
			sourceTree = "<group>";
		};
		4F965355209C09460028AC00 /* iOSProject */ = {
			isa = PBXGroup;
			children = (
				4F96536C209C10F90028AC00 /* Classes */,
				4F965368209C0D8D0028AC00 /* Resources */,
				4F96536B209C10820028AC00 /* Supporing File */,
			);
			path = iOSProject;
			sourceTree = "<group>";
		};
		4F965368209C0D8D0028AC00 /* Resources */ = {
			isa = PBXGroup;
			children = (
				4F96535F209C09460028AC00 /* LaunchScreen.storyboard */,
				4F96535D209C09460028AC00 /* Assets.xcassets */,
			);
			path = Resources;
			sourceTree = "<group>";
		};
		4F96536A209C0DE40028AC00 /* Base */ = {
			isa = PBXGroup;
			children = (
				4F96536F209C11320028AC00 /* View */,
				4F96536E209C112A0028AC00 /* Controller */,
				4F96536D209C11220028AC00 /* Model */,
			);
			path = Base;
			sourceTree = "<group>";
		};
		4F96536B209C10820028AC00 /* Supporing File */ = {
			isa = PBXGroup;
			children = (
				4F965362209C09460028AC00 /* Info.plist */,
				4F965356209C09460028AC00 /* AppDelegate.swift */,
				4F965388209C22140028AC00 /* Utils.swift */,
			);
			name = "Supporing File";
			sourceTree = "<group>";
		};
		4F96536C209C10F90028AC00 /* Classes */ = {
			isa = PBXGroup;
			children = (
				4F9653A9209C807B0028AC00 /* Helper */,
				4F9653A4209C75A80028AC00 /* Category */,
				4F96537A209C1A7E0028AC00 /* 基础理论 */,
				4F965370209C113A0028AC00 /* Main */,
				4F96536A209C0DE40028AC00 /* Base */,
			);
			path = Classes;
			sourceTree = "<group>";
		};
		4F96536D209C11220028AC00 /* Model */ = {
			isa = PBXGroup;
			children = (
				4F965382209C1CEF0028AC00 /* BaseWordItem.swift */,
				4F965384209C1D0A0028AC00 /* BaseWordArrowItem.swift */,
				4F965386209C1D270028AC00 /* BaseItemSection.swift */,
				4F9653AC209CC2240028AC00 /* BaseClosureWrapper.swift */,
			);
			path = Model;
			sourceTree = "<group>";
		};
		4F96536E209C112A0028AC00 /* Controller */ = {
			isa = PBXGroup;
			children = (
				4F96537E209C1B010028AC00 /* BaseStaticTableViewController.swift */,
			);
			path = Controller;
			sourceTree = "<group>";
		};
		4F96536F209C11320028AC00 /* View */ = {
			isa = PBXGroup;
			children = (
				4F965380209C1C0B0028AC00 /* BaseStaticTableViewCell.swift */,
			);
			path = View;
			sourceTree = "<group>";
		};
		4F965370209C113A0028AC00 /* Main */ = {
			isa = PBXGroup;
			children = (
				4F965371209C11470028AC00 /* Controller */,
			);
			path = Main;
			sourceTree = "<group>";
		};
		4F965371209C11470028AC00 /* Controller */ = {
			isa = PBXGroup;
			children = (
				4F965374209C14550028AC00 /* MainTabBarController.swift */,
			);
			path = Controller;
			sourceTree = "<group>";
		};
		4F96537A209C1A7E0028AC00 /* 基础理论 */ = {
			isa = PBXGroup;
			children = (
				4F96537D209C1A960028AC00 /* Model */,
				4F96537C209C1A900028AC00 /* View */,
				4F96537B209C1A890028AC00 /* Controller */,
			);
			path = "基础理论";
			sourceTree = "<group>";
		};
		4F96537B209C1A890028AC00 /* Controller */ = {
			isa = PBXGroup;
			children = (
				4F96538A209C39A00028AC00 /* EssenceTableViewController.swift */,
				4F96538C209C3D3F0028AC00 /* LifeCycleTableViewController.swift */,
				4F96538E209C3D970028AC00 /* RunTimeTableViewController.swift */,
				4F965390209C45A90028AC00 /* ProtocolTableViewController.swift */,
				4F965392209C45B50028AC00 /* BlockLoopTableViewController.swift */,
				4F965394209C45C30028AC00 /* ChildBlockTableViewController.swift */,
				4F965396209C45D90028AC00 /* ModalBlockTableViewController.swift */,
				4F965398209C45E40028AC00 /* NSThreadTableViewController.swift */,
				4F96539A209C45ED0028AC00 /* GCDTableViewController.swift */,
				4F96539C209C45F70028AC00 /* NSOperationTableViewController.swift */,
				4F96539E209C45FF0028AC00 /* RunLoopTableViewController.swift */,
				4F9653A0209C46060028AC00 /* LockTableViewController.swift */,
			);
			path = Controller;
			sourceTree = "<group>";
		};
		4F96537C209C1A900028AC00 /* View */ = {
			isa = PBXGroup;
			children = (
			);
			path = View;
			sourceTree = "<group>";
		};
		4F96537D209C1A960028AC00 /* Model */ = {
			isa = PBXGroup;
			children = (
				4F9653A2209C73A20028AC00 /* RunTimeTest.swift */,
				4F8B89FE209D86120071DF02 /* UserProtocol.swift */,
				4F8B8A00209D86360071DF02 /* DataBaseConnectionProtocol.swift */,
				4F8B8A02209D87FC0071DF02 /* OraceDataBase.swift */,
				4F8B8A06209D945D0071DF02 /* BlockLoopOperation.swift */,
				4F8E0449209F6A0100710886 /* ExitAbleThreadPort.swift */,
			);
			path = Model;
			sourceTree = "<group>";
		};
		4F9653A4209C75A80028AC00 /* Category */ = {
			isa = PBXGroup;
			children = (
				4F9653A5209C75FB0028AC00 /* UIButton+BaseBlock.swift */,
				4F9653A7209C7D9E0028AC00 /* UIViewController+alert.swift */,
				4F8B8A04209D8EDD0071DF02 /* UIGestureRecognizer+Block.swift */,
			);
			path = Category;
			sourceTree = "<group>";
		};
		4F9653A9209C807B0028AC00 /* Helper */ = {
			isa = PBXGroup;
			children = (
				4F9653AA209C80950028AC00 /* Logger.swift */,
			);
			path = Helper;
			sourceTree = "<group>";
		};
		998F4090925E997563CA682C /* Pods */ = {
			isa = PBXGroup;
			children = (
				BF804E1049CBD758AD0E9DEC /* Pods-iOSProject.debug.xcconfig */,
				707B1B9A9DC5F83F06521B5B /* Pods-iOSProject.release.xcconfig */,
			);
			name = Pods;
			sourceTree = "<group>";
		};
		C25474EE79A096C1FE4EFD51 /* Frameworks */ = {
			isa = PBXGroup;
			children = (
				FBC3AFD38B5E75C8E6F21A52 /* Pods_iOSProject.framework */,
			);
			name = Frameworks;
			sourceTree = "<group>";
		};
/* End PBXGroup section */

/* Begin PBXNativeTarget section */
		4F965352209C09460028AC00 /* iOSProject */ = {
			isa = PBXNativeTarget;
			buildConfigurationList = 4F965365209C09460028AC00 /* Build configuration list for PBXNativeTarget "iOSProject" */;
			buildPhases = (
				E06BE59AAEF998AC7FFA3B9D /* [CP] Check Pods Manifest.lock */,
				4F96534F209C09460028AC00 /* Sources */,
				4F965350209C09460028AC00 /* Frameworks */,
				4F965351209C09460028AC00 /* Resources */,
				B3F451A52AA559ED50616324 /* [CP] Embed Pods Frameworks */,
				35049567DC8B84C1791ED188 /* [CP] Copy Pods Resources */,
			);
			buildRules = (
			);
			dependencies = (
			);
			name = iOSProject;
			productName = iOSProject;
			productReference = 4F965353209C09460028AC00 /* iOSProject.app */;
			productType = "com.apple.product-type.application";
		};
/* End PBXNativeTarget section */

/* Begin PBXProject section */
		4F96534B209C09460028AC00 /* Project object */ = {
			isa = PBXProject;
			attributes = {
				LastSwiftUpdateCheck = 0920;
				LastUpgradeCheck = 0920;
				ORGANIZATIONNAME = eric3u;
				TargetAttributes = {
					4F965352209C09460028AC00 = {
						CreatedOnToolsVersion = 9.2;
						ProvisioningStyle = Automatic;
					};
				};
			};
			buildConfigurationList = 4F96534E209C09460028AC00 /* Build configuration list for PBXProject "iOSProject" */;
			compatibilityVersion = "Xcode 8.0";
			developmentRegion = en;
			hasScannedForEncodings = 0;
			knownRegions = (
				en,
				Base,
			);
			mainGroup = 4F96534A209C09460028AC00;
			productRefGroup = 4F965354209C09460028AC00 /* Products */;
			projectDirPath = "";
			projectRoot = "";
			targets = (
				4F965352209C09460028AC00 /* iOSProject */,
			);
		};
/* End PBXProject section */

/* Begin PBXResourcesBuildPhase section */
		4F965351209C09460028AC00 /* Resources */ = {
			isa = PBXResourcesBuildPhase;
			buildActionMask = 2147483647;
			files = (
				4F965361209C09460028AC00 /* LaunchScreen.storyboard in Resources */,
				4F96535E209C09460028AC00 /* Assets.xcassets in Resources */,
			);
			runOnlyForDeploymentPostprocessing = 0;
		};
/* End PBXResourcesBuildPhase section */

/* Begin PBXShellScriptBuildPhase section */
		35049567DC8B84C1791ED188 /* [CP] Copy Pods Resources */ = {
			isa = PBXShellScriptBuildPhase;
			buildActionMask = 2147483647;
			files = (
			);
			inputPaths = (
			);
			name = "[CP] Copy Pods Resources";
			outputPaths = (
			);
			runOnlyForDeploymentPostprocessing = 0;
			shellPath = /bin/sh;
			shellScript = "\"${SRCROOT}/Pods/Target Support Files/Pods-iOSProject/Pods-iOSProject-resources.sh\"\n";
			showEnvVarsInLog = 0;
		};
		B3F451A52AA559ED50616324 /* [CP] Embed Pods Frameworks */ = {
			isa = PBXShellScriptBuildPhase;
			buildActionMask = 2147483647;
			files = (
			);
			inputPaths = (
			);
			name = "[CP] Embed Pods Frameworks";
			outputPaths = (
			);
			runOnlyForDeploymentPostprocessing = 0;
			shellPath = /bin/sh;
			shellScript = "\"${SRCROOT}/Pods/Target Support Files/Pods-iOSProject/Pods-iOSProject-frameworks.sh\"\n";
			showEnvVarsInLog = 0;
		};
		E06BE59AAEF998AC7FFA3B9D /* [CP] Check Pods Manifest.lock */ = {
			isa = PBXShellScriptBuildPhase;
			buildActionMask = 2147483647;
			files = (
			);
			inputPaths = (
				"${PODS_PODFILE_DIR_PATH}/Podfile.lock",
				"${PODS_ROOT}/Manifest.lock",
			);
			name = "[CP] Check Pods Manifest.lock";
			outputPaths = (
				"$(DERIVED_FILE_DIR)/Pods-iOSProject-checkManifestLockResult.txt",
			);
			runOnlyForDeploymentPostprocessing = 0;
			shellPath = /bin/sh;
			shellScript = "diff \"${PODS_PODFILE_DIR_PATH}/Podfile.lock\" \"${PODS_ROOT}/Manifest.lock\" > /dev/null\nif [ $? != 0 ] ; then\n    # print error to STDERR\n    echo \"error: The sandbox is not in sync with the Podfile.lock. Run 'pod install' or update your CocoaPods installation.\" >&2\n    exit 1\nfi\n# This output is used by Xcode 'outputs' to avoid re-running this script phase.\necho \"SUCCESS\" > \"${SCRIPT_OUTPUT_FILE_0}\"\n";
			showEnvVarsInLog = 0;
		};
/* End PBXShellScriptBuildPhase section */

/* Begin PBXSourcesBuildPhase section */
		4F96534F209C09460028AC00 /* Sources */ = {
			isa = PBXSourcesBuildPhase;
			buildActionMask = 2147483647;
			files = (
				4F965375209C14550028AC00 /* MainTabBarController.swift in Sources */,
				4F9653A8209C7D9E0028AC00 /* UIViewController+alert.swift in Sources */,
				4F965357209C09460028AC00 /* AppDelegate.swift in Sources */,
				4F965395209C45C30028AC00 /* ChildBlockTableViewController.swift in Sources */,
				4F965387209C1D270028AC00 /* BaseItemSection.swift in Sources */,
				4F96539D209C45F70028AC00 /* NSOperationTableViewController.swift in Sources */,
				4F965399209C45E40028AC00 /* NSThreadTableViewController.swift in Sources */,
				4F9653AB209C80950028AC00 /* Logger.swift in Sources */,
				4F8B89FF209D86120071DF02 /* UserProtocol.swift in Sources */,
				4F9653A6209C75FB0028AC00 /* UIButton+BaseBlock.swift in Sources */,
				4F9653AD209CC2240028AC00 /* BaseClosureWrapper.swift in Sources */,
				4F965381209C1C0B0028AC00 /* BaseStaticTableViewCell.swift in Sources */,
				4F965385209C1D0A0028AC00 /* BaseWordArrowItem.swift in Sources */,
				4F9653A1209C46060028AC00 /* LockTableViewController.swift in Sources */,
				4F96537F209C1B010028AC00 /* BaseStaticTableViewController.swift in Sources */,
				4F96538F209C3D970028AC00 /* RunTimeTableViewController.swift in Sources */,
				4F8B8A01209D86360071DF02 /* DataBaseConnectionProtocol.swift in Sources */,
				4F8B8A03209D87FC0071DF02 /* OraceDataBase.swift in Sources */,
				4F8B8A05209D8EDD0071DF02 /* UIGestureRecognizer+Block.swift in Sources */,
				4F96539F209C45FF0028AC00 /* RunLoopTableViewController.swift in Sources */,
				4F965391209C45A90028AC00 /* ProtocolTableViewController.swift in Sources */,
				4F965393209C45B50028AC00 /* BlockLoopTableViewController.swift in Sources */,
				4F9653A3209C73A20028AC00 /* RunTimeTest.swift in Sources */,
				4F96538B209C39A00028AC00 /* EssenceTableViewController.swift in Sources */,
				4F965383209C1CEF0028AC00 /* BaseWordItem.swift in Sources */,
				4F965397209C45D90028AC00 /* ModalBlockTableViewController.swift in Sources */,
				4F96539B209C45ED0028AC00 /* GCDTableViewController.swift in Sources */,
				4F96538D209C3D3F0028AC00 /* LifeCycleTableViewController.swift in Sources */,
				4F965389209C22140028AC00 /* Utils.swift in Sources */,
				4F8B8A07209D945D0071DF02 /* BlockLoopOperation.swift in Sources */,
				4F8E044A209F6A0100710886 /* ExitAbleThreadPort.swift in Sources */,
			);
			runOnlyForDeploymentPostprocessing = 0;
		};
/* End PBXSourcesBuildPhase section */

/* Begin PBXVariantGroup section */
		4F96535F209C09460028AC00 /* LaunchScreen.storyboard */ = {
			isa = PBXVariantGroup;
			children = (
				4F965360209C09460028AC00 /* Base */,
			);
			name = LaunchScreen.storyboard;
			sourceTree = "<group>";
		};
/* End PBXVariantGroup section */

/* Begin XCBuildConfiguration section */
		4F965363209C09460028AC00 /* Debug */ = {
			isa = XCBuildConfiguration;
			buildSettings = {
				ALWAYS_SEARCH_USER_PATHS = NO;
				CLANG_ANALYZER_NONNULL = YES;
				CLANG_ANALYZER_NUMBER_OBJECT_CONVERSION = YES_AGGRESSIVE;
				CLANG_CXX_LANGUAGE_STANDARD = "gnu++14";
				CLANG_CXX_LIBRARY = "libc++";
				CLANG_ENABLE_MODULES = YES;
				CLANG_ENABLE_OBJC_ARC = YES;
				CLANG_WARN_BLOCK_CAPTURE_AUTORELEASING = YES;
				CLANG_WARN_BOOL_CONVERSION = YES;
				CLANG_WARN_COMMA = YES;
				CLANG_WARN_CONSTANT_CONVERSION = YES;
				CLANG_WARN_DIRECT_OBJC_ISA_USAGE = YES_ERROR;
				CLANG_WARN_DOCUMENTATION_COMMENTS = YES;
				CLANG_WARN_EMPTY_BODY = YES;
				CLANG_WARN_ENUM_CONVERSION = YES;
				CLANG_WARN_INFINITE_RECURSION = YES;
				CLANG_WARN_INT_CONVERSION = YES;
				CLANG_WARN_NON_LITERAL_NULL_CONVERSION = YES;
				CLANG_WARN_OBJC_LITERAL_CONVERSION = YES;
				CLANG_WARN_OBJC_ROOT_CLASS = YES_ERROR;
				CLANG_WARN_RANGE_LOOP_ANALYSIS = YES;
				CLANG_WARN_STRICT_PROTOTYPES = YES;
				CLANG_WARN_SUSPICIOUS_MOVE = YES;
				CLANG_WARN_UNGUARDED_AVAILABILITY = YES_AGGRESSIVE;
				CLANG_WARN_UNREACHABLE_CODE = YES;
				CLANG_WARN__DUPLICATE_METHOD_MATCH = YES;
				CODE_SIGN_IDENTITY = "iPhone Developer";
				COPY_PHASE_STRIP = NO;
				DEBUG_INFORMATION_FORMAT = dwarf;
				ENABLE_STRICT_OBJC_MSGSEND = YES;
				ENABLE_TESTABILITY = YES;
				GCC_C_LANGUAGE_STANDARD = gnu11;
				GCC_DYNAMIC_NO_PIC = NO;
				GCC_NO_COMMON_BLOCKS = YES;
				GCC_OPTIMIZATION_LEVEL = 0;
				GCC_PREPROCESSOR_DEFINITIONS = (
					"DEBUG=1",
					"$(inherited)",
				);
				GCC_WARN_64_TO_32_BIT_CONVERSION = YES;
				GCC_WARN_ABOUT_RETURN_TYPE = YES_ERROR;
				GCC_WARN_UNDECLARED_SELECTOR = YES;
				GCC_WARN_UNINITIALIZED_AUTOS = YES_AGGRESSIVE;
				GCC_WARN_UNUSED_FUNCTION = YES;
				GCC_WARN_UNUSED_VARIABLE = YES;
				IPHONEOS_DEPLOYMENT_TARGET = 11.2;
				MTL_ENABLE_DEBUG_INFO = YES;
				ONLY_ACTIVE_ARCH = YES;
				SDKROOT = iphoneos;
				SWIFT_ACTIVE_COMPILATION_CONDITIONS = DEBUG;
				SWIFT_OPTIMIZATION_LEVEL = "-Onone";
			};
			name = Debug;
		};
		4F965364209C09460028AC00 /* Release */ = {
			isa = XCBuildConfiguration;
			buildSettings = {
				ALWAYS_SEARCH_USER_PATHS = NO;
				CLANG_ANALYZER_NONNULL = YES;
				CLANG_ANALYZER_NUMBER_OBJECT_CONVERSION = YES_AGGRESSIVE;
				CLANG_CXX_LANGUAGE_STANDARD = "gnu++14";
				CLANG_CXX_LIBRARY = "libc++";
				CLANG_ENABLE_MODULES = YES;
				CLANG_ENABLE_OBJC_ARC = YES;
				CLANG_WARN_BLOCK_CAPTURE_AUTORELEASING = YES;
				CLANG_WARN_BOOL_CONVERSION = YES;
				CLANG_WARN_COMMA = YES;
				CLANG_WARN_CONSTANT_CONVERSION = YES;
				CLANG_WARN_DIRECT_OBJC_ISA_USAGE = YES_ERROR;
				CLANG_WARN_DOCUMENTATION_COMMENTS = YES;
				CLANG_WARN_EMPTY_BODY = YES;
				CLANG_WARN_ENUM_CONVERSION = YES;
				CLANG_WARN_INFINITE_RECURSION = YES;
				CLANG_WARN_INT_CONVERSION = YES;
				CLANG_WARN_NON_LITERAL_NULL_CONVERSION = YES;
				CLANG_WARN_OBJC_LITERAL_CONVERSION = YES;
				CLANG_WARN_OBJC_ROOT_CLASS = YES_ERROR;
				CLANG_WARN_RANGE_LOOP_ANALYSIS = YES;
				CLANG_WARN_STRICT_PROTOTYPES = YES;
				CLANG_WARN_SUSPICIOUS_MOVE = YES;
				CLANG_WARN_UNGUARDED_AVAILABILITY = YES_AGGRESSIVE;
				CLANG_WARN_UNREACHABLE_CODE = YES;
				CLANG_WARN__DUPLICATE_METHOD_MATCH = YES;
				CODE_SIGN_IDENTITY = "iPhone Developer";
				COPY_PHASE_STRIP = NO;
				DEBUG_INFORMATION_FORMAT = "dwarf-with-dsym";
				ENABLE_NS_ASSERTIONS = NO;
				ENABLE_STRICT_OBJC_MSGSEND = YES;
				GCC_C_LANGUAGE_STANDARD = gnu11;
				GCC_NO_COMMON_BLOCKS = YES;
				GCC_WARN_64_TO_32_BIT_CONVERSION = YES;
				GCC_WARN_ABOUT_RETURN_TYPE = YES_ERROR;
				GCC_WARN_UNDECLARED_SELECTOR = YES;
				GCC_WARN_UNINITIALIZED_AUTOS = YES_AGGRESSIVE;
				GCC_WARN_UNUSED_FUNCTION = YES;
				GCC_WARN_UNUSED_VARIABLE = YES;
				IPHONEOS_DEPLOYMENT_TARGET = 11.2;
				MTL_ENABLE_DEBUG_INFO = NO;
				SDKROOT = iphoneos;
				SWIFT_OPTIMIZATION_LEVEL = "-Owholemodule";
				VALIDATE_PRODUCT = YES;
			};
			name = Release;
		};
		4F965366209C09460028AC00 /* Debug */ = {
			isa = XCBuildConfiguration;
			baseConfigurationReference = BF804E1049CBD758AD0E9DEC /* Pods-iOSProject.debug.xcconfig */;
			buildSettings = {
				ASSETCATALOG_COMPILER_APPICON_NAME = AppIcon;
				CODE_SIGN_STYLE = Automatic;
				DEVELOPMENT_TEAM = 2VQ94C2355;
				INFOPLIST_FILE = iOSProject/Info.plist;
				IPHONEOS_DEPLOYMENT_TARGET = 10.0;
				LD_RUNPATH_SEARCH_PATHS = "$(inherited) @executable_path/Frameworks";
				PRODUCT_BUNDLE_IDENTIFIER = com.eric3u.iOSProject;
				PRODUCT_NAME = "$(TARGET_NAME)";
				SWIFT_VERSION = 4.0;
				TARGETED_DEVICE_FAMILY = "1,2";
			};
			name = Debug;
		};
		4F965367209C09460028AC00 /* Release */ = {
			isa = XCBuildConfiguration;
			baseConfigurationReference = 707B1B9A9DC5F83F06521B5B /* Pods-iOSProject.release.xcconfig */;
			buildSettings = {
				ASSETCATALOG_COMPILER_APPICON_NAME = AppIcon;
				CODE_SIGN_STYLE = Automatic;
				DEVELOPMENT_TEAM = 2VQ94C2355;
				INFOPLIST_FILE = iOSProject/Info.plist;
				IPHONEOS_DEPLOYMENT_TARGET = 10.0;
				LD_RUNPATH_SEARCH_PATHS = "$(inherited) @executable_path/Frameworks";
				PRODUCT_BUNDLE_IDENTIFIER = com.eric3u.iOSProject;
				PRODUCT_NAME = "$(TARGET_NAME)";
				SWIFT_VERSION = 4.0;
				TARGETED_DEVICE_FAMILY = "1,2";
			};
			name = Release;
		};
/* End XCBuildConfiguration section */

/* Begin XCConfigurationList section */
		4F96534E209C09460028AC00 /* Build configuration list for PBXProject "iOSProject" */ = {
			isa = XCConfigurationList;
			buildConfigurations = (
				4F965363209C09460028AC00 /* Debug */,
				4F965364209C09460028AC00 /* Release */,
			);
			defaultConfigurationIsVisible = 0;
			defaultConfigurationName = Release;
		};
		4F965365209C09460028AC00 /* Build configuration list for PBXNativeTarget "iOSProject" */ = {
			isa = XCConfigurationList;
			buildConfigurations = (
				4F965366209C09460028AC00 /* Debug */,
				4F965367209C09460028AC00 /* Release */,
			);
			defaultConfigurationIsVisible = 0;
			defaultConfigurationName = Release;
		};
/* End XCConfigurationList section */
	};
	rootObject = 4F96534B209C09460028AC00 /* Project object */;
}
